
Microsoft Visual Studio Solution File, Format Version 11.00
# Visual Studio 2010
Project("{FAE04EC0-301F-11D3-BF4B-00C04F79EFBC}") = "dragginz-world-editor", "Assembly-CSharp.csproj", "{6AE21706-7D01-444D-656E-106035671AB5}"
EndProject
Project("{FAE04EC0-301F-11D3-BF4B-00C04F79EFBC}") = "dragginz-world-editor", "Assembly-CSharp-firstpass.csproj", "{155C7BD2-2BA5-C517-4D4A-8F495846959A}"
EndProject
Project("{FAE04EC0-301F-11D3-BF4B-00C04F79EFBC}") = "dragginz-world-editor", "Assembly-CSharp-Editor.csproj", "{372747C8-5BAA-B72E-1E79-B7329AB6370A}"
EndProject
Project("{FAE04EC0-301F-11D3-BF4B-00C04F79EFBC}") = "dragginz-world-editor", "Assembly-CSharp-Editor-firstpass.csproj", "{8FE4D555-F8DD-1B3A-ACB6-92CAADFD6FA7}"
EndProject
Global
	GlobalSection(SolutionConfigurationPlatforms) = preSolution
		Debug|Any CPU = Debug|Any CPU
		Release|Any CPU = Release|Any CPU
	EndGlobalSection
	GlobalSection(ProjectConfigurationPlatforms) = postSolution
		{6AE21706-7D01-444D-656E-106035671AB5}.Debug|Any CPU.ActiveCfg = Debug|Any CPU
		{6AE21706-7D01-444D-656E-106035671AB5}.Debug|Any CPU.Build.0 = Debug|Any CPU
		{6AE21706-7D01-444D-656E-106035671AB5}.Release|Any CPU.ActiveCfg = Release|Any CPU
		{6AE21706-7D01-444D-656E-106035671AB5}.Release|Any CPU.Build.0 = Release|Any CPU
		{155C7BD2-2BA5-C517-4D4A-8F495846959A}.Debug|Any CPU.ActiveCfg = Debug|Any CPU
		{155C7BD2-2BA5-C517-4D4A-8F495846959A}.Debug|Any CPU.Build.0 = Debug|Any CPU
		{155C7BD2-2BA5-C517-4D4A-8F495846959A}.Release|Any CPU.ActiveCfg = Release|Any CPU
		{155C7BD2-2BA5-C517-4D4A-8F495846959A}.Release|Any CPU.Build.0 = Release|Any CPU
		{372747C8-5BAA-B72E-1E79-B7329AB6370A}.Debug|Any CPU.ActiveCfg = Debug|Any CPU
		{372747C8-5BAA-B72E-1E79-B7329AB6370A}.Debug|Any CPU.Build.0 = Debug|Any CPU
		{372747C8-5BAA-B72E-1E79-B7329AB6370A}.Release|Any CPU.ActiveCfg = Release|Any CPU
		{372747C8-5BAA-B72E-1E79-B7329AB6370A}.Release|Any CPU.Build.0 = Release|Any CPU
		{8FE4D555-F8DD-1B3A-ACB6-92CAADFD6FA7}.Debug|Any CPU.ActiveCfg = Debug|Any CPU
		{8FE4D555-F8DD-1B3A-ACB6-92CAADFD6FA7}.Debug|Any CPU.Build.0 = Debug|Any CPU
		{8FE4D555-F8DD-1B3A-ACB6-92CAADFD6FA7}.Release|Any CPU.ActiveCfg = Release|Any CPU
		{8FE4D555-F8DD-1B3A-ACB6-92CAADFD6FA7}.Release|Any CPU.Build.0 = Release|Any CPU
	EndGlobalSection
	GlobalSection(SolutionProperties) = preSolution
		HideSolutionNode = FALSE
	EndGlobalSection
	GlobalSection(MonoDevelopProperties) = preSolution
		StartupItem = Assembly-CSharp.csproj
	EndGlobalSection
EndGlobal
