
Microsoft Visual Studio Solution File, Format Version 12.00
# Visual Studio 2017
Project("{FAE04EC0-301F-11D3-BF4B-00C04F79EFBC}") = "dragginz-world-editor", "dragginz-world-editor.csproj", "{852FF22C-43C3-D43E-D9E7-CA7D4AE51152}"
EndProject
Project("{FAE04EC0-301F-11D3-BF4B-00C04F79EFBC}") = "dragginz-world-editor.Plugins", "dragginz-world-editor.Plugins.csproj", "{1D797572-B85E-52FC-6DB7-35F152C234CA}"
EndProject
Project("{FAE04EC0-301F-11D3-BF4B-00C04F79EFBC}") = "dragginz-world-editor.Editor", "dragginz-world-editor.Editor.csproj", "{C3AF7D1D-2011-0D88-4683-61080211E644}"
EndProject
Project("{FAE04EC0-301F-11D3-BF4B-00C04F79EFBC}") = "dragginz-world-editor.Editor.Plugins", "dragginz-world-editor.Editor.Plugins.csproj", "{BB284B04-8DE4-C68B-0999-A69673432643}"
EndProject
Global
	GlobalSection(SolutionConfigurationPlatforms) = preSolution
		Debug|Any CPU = Debug|Any CPU
		Release|Any CPU = Release|Any CPU
	EndGlobalSection
	GlobalSection(ProjectConfigurationPlatforms) = postSolution
		{852FF22C-43C3-D43E-D9E7-CA7D4AE51152}.Debug|Any CPU.ActiveCfg = Debug|Any CPU
		{852FF22C-43C3-D43E-D9E7-CA7D4AE51152}.Debug|Any CPU.Build.0 = Debug|Any CPU
		{852FF22C-43C3-D43E-D9E7-CA7D4AE51152}.Release|Any CPU.ActiveCfg = Release|Any CPU
		{852FF22C-43C3-D43E-D9E7-CA7D4AE51152}.Release|Any CPU.Build.0 = Release|Any CPU
		{1D797572-B85E-52FC-6DB7-35F152C234CA}.Debug|Any CPU.ActiveCfg = Debug|Any CPU
		{1D797572-B85E-52FC-6DB7-35F152C234CA}.Debug|Any CPU.Build.0 = Debug|Any CPU
		{1D797572-B85E-52FC-6DB7-35F152C234CA}.Release|Any CPU.ActiveCfg = Release|Any CPU
		{1D797572-B85E-52FC-6DB7-35F152C234CA}.Release|Any CPU.Build.0 = Release|Any CPU
		{C3AF7D1D-2011-0D88-4683-61080211E644}.Debug|Any CPU.ActiveCfg = Debug|Any CPU
		{C3AF7D1D-2011-0D88-4683-61080211E644}.Debug|Any CPU.Build.0 = Debug|Any CPU
		{C3AF7D1D-2011-0D88-4683-61080211E644}.Release|Any CPU.ActiveCfg = Release|Any CPU
		{C3AF7D1D-2011-0D88-4683-61080211E644}.Release|Any CPU.Build.0 = Release|Any CPU
		{BB284B04-8DE4-C68B-0999-A69673432643}.Debug|Any CPU.ActiveCfg = Debug|Any CPU
		{BB284B04-8DE4-C68B-0999-A69673432643}.Debug|Any CPU.Build.0 = Debug|Any CPU
		{BB284B04-8DE4-C68B-0999-A69673432643}.Release|Any CPU.ActiveCfg = Release|Any CPU
		{BB284B04-8DE4-C68B-0999-A69673432643}.Release|Any CPU.Build.0 = Release|Any CPU
	EndGlobalSection
	GlobalSection(SolutionProperties) = preSolution
		HideSolutionNode = FALSE
	EndGlobalSection
EndGlobal
